
Microsoft Visual Studio Solution File, Format Version 12.00
# Visual Studio Version 17
VisualStudioVersion = 17.10.34928.147
MinimumVisualStudioVersion = 10.0.40219.1
Project("{9A19103F-16F7-4668-BE54-9A1E7A4F7556}") = "InvoiceSystem", "InvoiceSystem\InvoiceSystem.csproj", "{BCF288CB-E343-430E-9237-D1036C47FF7F}"
EndProject
Project("{FAE04EC0-301F-11D3-BF4B-00C04F79EFBC}") = "InvoiceSystemAPI.Tests", "InvoiceSystemAPI.Tests\InvoiceSystemAPI.Tests.csproj", "{21BE1508-9DDC-4468-B237-7E20459D4640}"
EndProject
Global
	GlobalSection(SolutionConfigurationPlatforms) = preSolution
		Debug|Any CPU = Debug|Any CPU
		Release|Any CPU = Release|Any CPU
	EndGlobalSection
	GlobalSection(ProjectConfigurationPlatforms) = postSolution
		{BCF288CB-E343-430E-9237-D1036C47FF7F}.Debug|Any CPU.ActiveCfg = Debug|Any CPU
		{BCF288CB-E343-430E-9237-D1036C47FF7F}.Debug|Any CPU.Build.0 = Debug|Any CPU
		{BCF288CB-E343-430E-9237-D1036C47FF7F}.Release|Any CPU.ActiveCfg = Release|Any CPU
		{BCF288CB-E343-430E-9237-D1036C47FF7F}.Release|Any CPU.Build.0 = Release|Any CPU
		{21BE1508-9DDC-4468-B237-7E20459D4640}.Debug|Any CPU.ActiveCfg = Debug|Any CPU
		{21BE1508-9DDC-4468-B237-7E20459D4640}.Debug|Any CPU.Build.0 = Debug|Any CPU
		{21BE1508-9DDC-4468-B237-7E20459D4640}.Release|Any CPU.ActiveCfg = Release|Any CPU
		{21BE1508-9DDC-4468-B237-7E20459D4640}.Release|Any CPU.Build.0 = Release|Any CPU
	EndGlobalSection
	GlobalSection(SolutionProperties) = preSolution
		HideSolutionNode = FALSE
	EndGlobalSection
	GlobalSection(ExtensibilityGlobals) = postSolution
		SolutionGuid = {99AD9936-09FC-4576-A571-4E99BFB1F82C}
	EndGlobalSection
EndGlobal
